("quicklisp" .
 (:class qlot/source/dist:source-dist
  :initargs (:distribution "http://beta.quicklisp.org/dist/quicklisp.txt" :%version :latest)
  :version "2022-11-07"))
("clack" .
 (:class qlot/source/ql:source-ql
  :initargs (:%version :latest)
  :version "ql-2022-11-07"))
("mito" .
 (:class qlot/source/ql:source-ql
  :initargs (:%version :latest)
  :version "ql-2022-11-07"))
("jingle" .
 (:class qlot/source/git:source-git
  :initargs (:remote-url "https://github.com/dnaeon/cl-jingle.git")
  :version "git-b8edf9a9caccffa599262caf6a77a7b3f542bd6f"))
("dexador" .
 (:class qlot/source/ql:source-ql
  :initargs (:%version :latest)
  :version "ql-2022-11-07"))
